// !$*UTF8*$!
{
	archiveVersion = 1;
	classes = {
	};
	objectVersion = 56;
	objects = {

/* Begin PBXBuildFile section */
		4327FEE02EA437730028361D /* CaptureAnalyzeView.swift in Sources */ = {isa = PBXBuildFile; fileRef = 4327FEDF2EA437730028361D /* CaptureAnalyzeView.swift */; };
		4327FEE22EA437740028361D /* NearbyPlantsView.swift in Sources */ = {isa = PBXBuildFile; fileRef = 4327FEE12EA437740028361D /* NearbyPlantsView.swift */; };
		4327FEE42EA4377B0028361D /* PointsLeaderboardView.swift in Sources */ = {isa = PBXBuildFile; fileRef = 4327FEE32EA4377B0028361D /* PointsLeaderboardView.swift */; };
		B56176762EA42F2800F46777 /* CODEREDASTRA2THEMOONApp.swift in Sources */ = {isa = PBXBuildFile; fileRef = B56176752EA42F2800F46777 /* CODEREDASTRA2THEMOONApp.swift */; };
		B56176782EA42F2800F46777 /* ContentView.swift in Sources */ = {isa = PBXBuildFile; fileRef = B56176772EA42F2800F46777 /* ContentView.swift */; };
		B561767A2EA42F2900F46777 /* Assets.xcassets in Resources */ = {isa = PBXBuildFile; fileRef = B56176792EA42F2900F46777 /* Assets.xcassets */; };
		B561767D2EA42F2900F46777 /* Preview Assets.xcassets in Resources */ = {isa = PBXBuildFile; fileRef = B561767C2EA42F2900F46777 /* Preview Assets.xcassets */; };
		B56176872EA42F2900F46777 /* CODEREDASTRA2THEMOONTests.swift in Sources */ = {isa = PBXBuildFile; fileRef = B56176862EA42F2900F46777 /* CODEREDASTRA2THEMOONTests.swift */; };
		B56176912EA42F2900F46777 /* CODEREDASTRA2THEMOONUITests.swift in Sources */ = {isa = PBXBuildFile; fileRef = B56176902EA42F2900F46777 /* CODEREDASTRA2THEMOONUITests.swift */; };
		B56176932EA42F2900F46777 /* CODEREDASTRA2THEMOONUITestsLaunchTests.swift in Sources */ = {isa = PBXBuildFile; fileRef = B56176922EA42F2900F46777 /* CODEREDASTRA2THEMOONUITestsLaunchTests.swift */; };
/* End PBXBuildFile section */

/* Begin PBXContainerItemProxy section */
		B56176832EA42F2900F46777 /* PBXContainerItemProxy */ = {
			isa = PBXContainerItemProxy;
			containerPortal = B561766A2EA42F2800F46777 /* Project object */;
			proxyType = 1;
			remoteGlobalIDString = B56176712EA42F2800F46777;
			remoteInfo = CODEREDASTRA2THEMOON;
		};
		B561768D2EA42F2900F46777 /* PBXContainerItemProxy */ = {
			isa = PBXContainerItemProxy;
			containerPortal = B561766A2EA42F2800F46777 /* Project object */;
			proxyType = 1;
			remoteGlobalIDString = B56176712EA42F2800F46777;
			remoteInfo = CODEREDASTRA2THEMOON;
		};
/* End PBXContainerItemProxy section */

/* Begin PBXFileReference section */
		4327FEDF2EA437730028361D /* CaptureAnalyzeView.swift */ = {isa = PBXFileReference; lastKnownFileType = sourcecode.swift; path = CaptureAnalyzeView.swift; sourceTree = "<group>"; };
		4327FEE12EA437740028361D /* NearbyPlantsView.swift */ = {isa = PBXFileReference; lastKnownFileType = sourcecode.swift; path = NearbyPlantsView.swift; sourceTree = "<group>"; };
		4327FEE32EA4377B0028361D /* PointsLeaderboardView.swift */ = {isa = PBXFileReference; lastKnownFileType = sourcecode.swift; path = PointsLeaderboardView.swift; sourceTree = "<group>"; };
		B56176722EA42F2800F46777 /* CODEREDASTRA2THEMOON.app */ = {isa = PBXFileReference; explicitFileType = wrapper.application; includeInIndex = 0; path = CODEREDASTRA2THEMOON.app; sourceTree = BUILT_PRODUCTS_DIR; };
		B56176752EA42F2800F46777 /* CODEREDASTRA2THEMOONApp.swift */ = {isa = PBXFileReference; lastKnownFileType = sourcecode.swift; path = CODEREDASTRA2THEMOONApp.swift; sourceTree = "<group>"; };
		B56176772EA42F2800F46777 /* ContentView.swift */ = {isa = PBXFileReference; lastKnownFileType = sourcecode.swift; path = ContentView.swift; sourceTree = "<group>"; };
		B56176792EA42F2900F46777 /* Assets.xcassets */ = {isa = PBXFileReference; lastKnownFileType = folder.assetcatalog; path = Assets.xcassets; sourceTree = "<group>"; };
		B561767C2EA42F2900F46777 /* Preview Assets.xcassets */ = {isa = PBXFileReference; lastKnownFileType = folder.assetcatalog; path = "Preview Assets.xcassets"; sourceTree = "<group>"; };
		B56176822EA42F2900F46777 /* CODEREDASTRA2THEMOONTests.xctest */ = {isa = PBXFileReference; explicitFileType = wrapper.cfbundle; includeInIndex = 0; path = CODEREDASTRA2THEMOONTests.xctest; sourceTree = BUILT_PRODUCTS_DIR; };
		B56176862EA42F2900F46777 /* CODEREDASTRA2THEMOONTests.swift */ = {isa = PBXFileReference; lastKnownFileType = sourcecode.swift; path = CODEREDASTRA2THEMOONTests.swift; sourceTree = "<group>"; };
		B561768C2EA42F2900F46777 /* CODEREDASTRA2THEMOONUITests.xctest */ = {isa = PBXFileReference; explicitFileType = wrapper.cfbundle; includeInIndex = 0; path = CODEREDASTRA2THEMOONUITests.xctest; sourceTree = BUILT_PRODUCTS_DIR; };
		B56176902EA42F2900F46777 /* CODEREDASTRA2THEMOONUITests.swift */ = {isa = PBXFileReference; lastKnownFileType = sourcecode.swift; path = CODEREDASTRA2THEMOONUITests.swift; sourceTree = "<group>"; };
		B56176922EA42F2900F46777 /* CODEREDASTRA2THEMOONUITestsLaunchTests.swift */ = {isa = PBXFileReference; lastKnownFileType = sourcecode.swift; path = CODEREDASTRA2THEMOONUITestsLaunchTests.swift; sourceTree = "<group>"; };
/* End PBXFileReference section */

/* Begin PBXFrameworksBuildPhase section */
		B561766F2EA42F2800F46777 /* Frameworks */ = {
			isa = PBXFrameworksBuildPhase;
			buildActionMask = 2147483647;
			files = (
			);
			runOnlyForDeploymentPostprocessing = 0;
		};
		B561767F2EA42F2900F46777 /* Frameworks */ = {
			isa = PBXFrameworksBuildPhase;
			buildActionMask = 2147483647;
			files = (
			);
			runOnlyForDeploymentPostprocessing = 0;
		};
		B56176892EA42F2900F46777 /* Frameworks */ = {
			isa = PBXFrameworksBuildPhase;
			buildActionMask = 2147483647;
			files = (
			);
			runOnlyForDeploymentPostprocessing = 0;
		};
/* End PBXFrameworksBuildPhase section */

/* Begin PBXGroup section */
		B56176692EA42F2800F46777 = {
			isa = PBXGroup;
			children = (
				B56176742EA42F2800F46777 /* CODEREDASTRA2THEMOON */,
				B56176852EA42F2900F46777 /* CODEREDASTRA2THEMOONTests */,
				B561768F2EA42F2900F46777 /* CODEREDASTRA2THEMOONUITests */,
				B56176732EA42F2800F46777 /* Products */,
			);
			sourceTree = "<group>";
		};
		B56176732EA42F2800F46777 /* Products */ = {
			isa = PBXGroup;
			children = (
				B56176722EA42F2800F46777 /* CODEREDASTRA2THEMOON.app */,
				B56176822EA42F2900F46777 /* CODEREDASTRA2THEMOONTests.xctest */,
				B561768C2EA42F2900F46777 /* CODEREDASTRA2THEMOONUITests.xctest */,
			);
			name = Products;
			sourceTree = "<group>";
		};
		B56176742EA42F2800F46777 /* CODEREDASTRA2THEMOON */ = {
			isa = PBXGroup;
			children = (
				B56176752EA42F2800F46777 /* CODEREDASTRA2THEMOONApp.swift */,
				B56176772EA42F2800F46777 /* ContentView.swift */,
				B56176792EA42F2900F46777 /* Assets.xcassets */,
				B561767B2EA42F2900F46777 /* Preview Content */,
				4327FEDF2EA437730028361D /* CaptureAnalyzeView.swift */,
				4327FEE12EA437740028361D /* NearbyPlantsView.swift */,
				4327FEE32EA4377B0028361D /* PointsLeaderboardView.swift */,
			);
			path = CODEREDASTRA2THEMOON;
			sourceTree = "<group>";
		};
		B561767B2EA42F2900F46777 /* Preview Content */ = {
			isa = PBXGroup;
			children = (
				B561767C2EA42F2900F46777 /* Preview Assets.xcassets */,
			);
			path = "Preview Content";
			sourceTree = "<group>";
		};
		B56176852EA42F2900F46777 /* CODEREDASTRA2THEMOONTests */ = {
			isa = PBXGroup;
			children = (
				B56176862EA42F2900F46777 /* CODEREDASTRA2THEMOONTests.swift */,
			);
			path = CODEREDASTRA2THEMOONTests;
			sourceTree = "<group>";
		};
		B561768F2EA42F2900F46777 /* CODEREDASTRA2THEMOONUITests */ = {
			isa = PBXGroup;
			children = (
				B56176902EA42F2900F46777 /* CODEREDASTRA2THEMOONUITests.swift */,
				B56176922EA42F2900F46777 /* CODEREDASTRA2THEMOONUITestsLaunchTests.swift */,
			);
			path = CODEREDASTRA2THEMOONUITests;
			sourceTree = "<group>";
		};
/* End PBXGroup section */

/* Begin PBXNativeTarget section */
		B56176712EA42F2800F46777 /* CODEREDASTRA2THEMOON */ = {
			isa = PBXNativeTarget;
			buildConfigurationList = B56176962EA42F2900F46777 /* Build configuration list for PBXNativeTarget "CODEREDASTRA2THEMOON" */;
			buildPhases = (
				B561766E2EA42F2800F46777 /* Sources */,
				B561766F2EA42F2800F46777 /* Frameworks */,
				B56176702EA42F2800F46777 /* Resources */,
			);
			buildRules = (
			);
			dependencies = (
			);
			name = CODEREDASTRA2THEMOON;
			productName = CODEREDASTRA2THEMOON;
			productReference = B56176722EA42F2800F46777 /* CODEREDASTRA2THEMOON.app */;
			productType = "com.apple.product-type.application";
		};
		B56176812EA42F2900F46777 /* CODEREDASTRA2THEMOONTests */ = {
			isa = PBXNativeTarget;
			buildConfigurationList = B56176992EA42F2900F46777 /* Build configuration list for PBXNativeTarget "CODEREDASTRA2THEMOONTests" */;
			buildPhases = (
				B561767E2EA42F2900F46777 /* Sources */,
				B561767F2EA42F2900F46777 /* Frameworks */,
				B56176802EA42F2900F46777 /* Resources */,
			);
			buildRules = (
			);
			dependencies = (
				B56176842EA42F2900F46777 /* PBXTargetDependency */,
			);
			name = CODEREDASTRA2THEMOONTests;
			productName = CODEREDASTRA2THEMOONTests;
			productReference = B56176822EA42F2900F46777 /* CODEREDASTRA2THEMOONTests.xctest */;
			productType = "com.apple.product-type.bundle.unit-test";
		};
		B561768B2EA42F2900F46777 /* CODEREDASTRA2THEMOONUITests */ = {
			isa = PBXNativeTarget;
			buildConfigurationList = B561769C2EA42F2900F46777 /* Build configuration list for PBXNativeTarget "CODEREDASTRA2THEMOONUITests" */;
			buildPhases = (
				B56176882EA42F2900F46777 /* Sources */,
				B56176892EA42F2900F46777 /* Frameworks */,
				B561768A2EA42F2900F46777 /* Resources */,
			);
			buildRules = (
			);
			dependencies = (
				B561768E2EA42F2900F46777 /* PBXTargetDependency */,
			);
			name = CODEREDASTRA2THEMOONUITests;
			productName = CODEREDASTRA2THEMOONUITests;
			productReference = B561768C2EA42F2900F46777 /* CODEREDASTRA2THEMOONUITests.xctest */;
			productType = "com.apple.product-type.bundle.ui-testing";
		};
/* End PBXNativeTarget section */

/* Begin PBXProject section */
		B561766A2EA42F2800F46777 /* Project object */ = {
			isa = PBXProject;
			attributes = {
				BuildIndependentTargetsInParallel = 1;
				LastSwiftUpdateCheck = 1520;
				LastUpgradeCheck = 2600;
				TargetAttributes = {
					B56176712EA42F2800F46777 = {
						CreatedOnToolsVersion = 15.2;
					};
					B56176812EA42F2900F46777 = {
						CreatedOnToolsVersion = 15.2;
						TestTargetID = B56176712EA42F2800F46777;
					};
					B561768B2EA42F2900F46777 = {
						CreatedOnToolsVersion = 15.2;
						TestTargetID = B56176712EA42F2800F46777;
					};
				};
			};
			buildConfigurationList = B561766D2EA42F2800F46777 /* Build configuration list for PBXProject "CODEREDASTRA2THEMOON" */;
			compatibilityVersion = "Xcode 14.0";
			developmentRegion = en;
			hasScannedForEncodings = 0;
			knownRegions = (
				en,
				Base,
			);
			mainGroup = B56176692EA42F2800F46777;
			productRefGroup = B56176732EA42F2800F46777 /* Products */;
			projectDirPath = "";
			projectRoot = "";
			targets = (
				B56176712EA42F2800F46777 /* CODEREDASTRA2THEMOON */,
				B56176812EA42F2900F46777 /* CODEREDASTRA2THEMOONTests */,
				B561768B2EA42F2900F46777 /* CODEREDASTRA2THEMOONUITests */,
			);
		};
/* End PBXProject section */

/* Begin PBXResourcesBuildPhase section */
		B56176702EA42F2800F46777 /* Resources */ = {
			isa = PBXResourcesBuildPhase;
			buildActionMask = 2147483647;
			files = (
				B561767D2EA42F2900F46777 /* Preview Assets.xcassets in Resources */,
				B561767A2EA42F2900F46777 /* Assets.xcassets in Resources */,
			);
			runOnlyForDeploymentPostprocessing = 0;
		};
		B56176802EA42F2900F46777 /* Resources */ = {
			isa = PBXResourcesBuildPhase;
			buildActionMask = 2147483647;
			files = (
			);
			runOnlyForDeploymentPostprocessing = 0;
		};
		B561768A2EA42F2900F46777 /* Resources */ = {
			isa = PBXResourcesBuildPhase;
			buildActionMask = 2147483647;
			files = (
			);
			runOnlyForDeploymentPostprocessing = 0;
		};
/* End PBXResourcesBuildPhase section */

/* Begin PBXSourcesBuildPhase section */
		B561766E2EA42F2800F46777 /* Sources */ = {
			isa = PBXSourcesBuildPhase;
			buildActionMask = 2147483647;
			files = (
				4327FEE42EA4377B0028361D /* PointsLeaderboardView.swift in Sources */,
				B56176782EA42F2800F46777 /* ContentView.swift in Sources */,
				B56176762EA42F2800F46777 /* CODEREDASTRA2THEMOONApp.swift in Sources */,
				4327FEE02EA437730028361D /* CaptureAnalyzeView.swift in Sources */,
				4327FEE22EA437740028361D /* NearbyPlantsView.swift in Sources */,
			);
			runOnlyForDeploymentPostprocessing = 0;
		};
		B561767E2EA42F2900F46777 /* Sources */ = {
			isa = PBXSourcesBuildPhase;
			buildActionMask = 2147483647;
			files = (
				B56176872EA42F2900F46777 /* CODEREDASTRA2THEMOONTests.swift in Sources */,
			);
			runOnlyForDeploymentPostprocessing = 0;
		};
		B56176882EA42F2900F46777 /* Sources */ = {
			isa = PBXSourcesBuildPhase;
			buildActionMask = 2147483647;
			files = (
				B56176912EA42F2900F46777 /* CODEREDASTRA2THEMOONUITests.swift in Sources */,
				B56176932EA42F2900F46777 /* CODEREDASTRA2THEMOONUITestsLaunchTests.swift in Sources */,
			);
			runOnlyForDeploymentPostprocessing = 0;
		};
/* End PBXSourcesBuildPhase section */

/* Begin PBXTargetDependency section */
		B56176842EA42F2900F46777 /* PBXTargetDependency */ = {
			isa = PBXTargetDependency;
			target = B56176712EA42F2800F46777 /* CODEREDASTRA2THEMOON */;
			targetProxy = B56176832EA42F2900F46777 /* PBXContainerItemProxy */;
		};
		B561768E2EA42F2900F46777 /* PBXTargetDependency */ = {
			isa = PBXTargetDependency;
			target = B56176712EA42F2800F46777 /* CODEREDASTRA2THEMOON */;
			targetProxy = B561768D2EA42F2900F46777 /* PBXContainerItemProxy */;
		};
/* End PBXTargetDependency section */

/* Begin XCBuildConfiguration section */
		B56176942EA42F2900F46777 /* Debug */ = {
			isa = XCBuildConfiguration;
			buildSettings = {
				ALWAYS_SEARCH_USER_PATHS = NO;
				ASSETCATALOG_COMPILER_GENERATE_SWIFT_ASSET_SYMBOL_EXTENSIONS = YES;
				CLANG_ANALYZER_NONNULL = YES;
				CLANG_ANALYZER_NUMBER_OBJECT_CONVERSION = YES_AGGRESSIVE;
				CLANG_CXX_LANGUAGE_STANDARD = "gnu++20";
				CLANG_ENABLE_MODULES = YES;
				CLANG_ENABLE_OBJC_ARC = YES;
				CLANG_ENABLE_OBJC_WEAK = YES;
				CLANG_WARN_BLOCK_CAPTURE_AUTORELEASING = YES;
				CLANG_WARN_BOOL_CONVERSION = YES;
				CLANG_WARN_COMMA = YES;
				CLANG_WARN_CONSTANT_CONVERSION = YES;
				CLANG_WARN_DEPRECATED_OBJC_IMPLEMENTATIONS = YES;
				CLANG_WARN_DIRECT_OBJC_ISA_USAGE = YES_ERROR;
				CLANG_WARN_DOCUMENTATION_COMMENTS = YES;
				CLANG_WARN_EMPTY_BODY = YES;
				CLANG_WARN_ENUM_CONVERSION = YES;
				CLANG_WARN_INFINITE_RECURSION = YES;
				CLANG_WARN_INT_CONVERSION = YES;
				CLANG_WARN_NON_LITERAL_NULL_CONVERSION = YES;
				CLANG_WARN_OBJC_IMPLICIT_RETAIN_SELF = YES;
				CLANG_WARN_OBJC_LITERAL_CONVERSION = YES;
				CLANG_WARN_OBJC_ROOT_CLASS = YES_ERROR;
				CLANG_WARN_QUOTED_INCLUDE_IN_FRAMEWORK_HEADER = YES;
				CLANG_WARN_RANGE_LOOP_ANALYSIS = YES;
				CLANG_WARN_STRICT_PROTOTYPES = YES;
				CLANG_WARN_SUSPICIOUS_MOVE = YES;
				CLANG_WARN_UNGUARDED_AVAILABILITY = YES_AGGRESSIVE;
				CLANG_WARN_UNREACHABLE_CODE = YES;
				CLANG_WARN__DUPLICATE_METHOD_MATCH = YES;
				COPY_PHASE_STRIP = NO;
				DEBUG_INFORMATION_FORMAT = dwarf;
				ENABLE_STRICT_OBJC_MSGSEND = YES;
				ENABLE_TESTABILITY = YES;
				ENABLE_USER_SCRIPT_SANDBOXING = YES;
				GCC_C_LANGUAGE_STANDARD = gnu17;
				GCC_DYNAMIC_NO_PIC = NO;
				GCC_NO_COMMON_BLOCKS = YES;
				GCC_OPTIMIZATION_LEVEL = 0;
				GCC_PREPROCESSOR_DEFINITIONS = (
					"DEBUG=1",
					"$(inherited)",
				);
				GCC_WARN_64_TO_32_BIT_CONVERSION = YES;
				GCC_WARN_ABOUT_RETURN_TYPE = YES_ERROR;
				GCC_WARN_UNDECLARED_SELECTOR = YES;
				GCC_WARN_UNINITIALIZED_AUTOS = YES_AGGRESSIVE;
				GCC_WARN_UNUSED_FUNCTION = YES;
				GCC_WARN_UNUSED_VARIABLE = YES;
				IPHONEOS_DEPLOYMENT_TARGET = 17.2;
				LOCALIZATION_PREFERS_STRING_CATALOGS = YES;
				MTL_ENABLE_DEBUG_INFO = INCLUDE_SOURCE;
				MTL_FAST_MATH = YES;
				ONLY_ACTIVE_ARCH = YES;
				SDKROOT = iphoneos;
				STRING_CATALOG_GENERATE_SYMBOLS = YES;
				SWIFT_ACTIVE_COMPILATION_CONDITIONS = "DEBUG $(inherited)";
				SWIFT_OPTIMIZATION_LEVEL = "-Onone";
			};
			name = Debug;
		};
		B56176952EA42F2900F46777 /* Release */ = {
			isa = XCBuildConfiguration;
			buildSettings = {
				ALWAYS_SEARCH_USER_PATHS = NO;
				ASSETCATALOG_COMPILER_GENERATE_SWIFT_ASSET_SYMBOL_EXTENSIONS = YES;
				CLANG_ANALYZER_NONNULL = YES;
				CLANG_ANALYZER_NUMBER_OBJECT_CONVERSION = YES_AGGRESSIVE;
				CLANG_CXX_LANGUAGE_STANDARD = "gnu++20";
				CLANG_ENABLE_MODULES = YES;
				CLANG_ENABLE_OBJC_ARC = YES;
				CLANG_ENABLE_OBJC_WEAK = YES;
				CLANG_WARN_BLOCK_CAPTURE_AUTORELEASING = YES;
				CLANG_WARN_BOOL_CONVERSION = YES;
				CLANG_WARN_COMMA = YES;
				CLANG_WARN_CONSTANT_CONVERSION = YES;
				CLANG_WARN_DEPRECATED_OBJC_IMPLEMENTATIONS = YES;
				CLANG_WARN_DIRECT_OBJC_ISA_USAGE = YES_ERROR;
				CLANG_WARN_DOCUMENTATION_COMMENTS = YES;
				CLANG_WARN_EMPTY_BODY = YES;
				CLANG_WARN_ENUM_CONVERSION = YES;
				CLANG_WARN_INFINITE_RECURSION = YES;
				CLANG_WARN_INT_CONVERSION = YES;
				CLANG_WARN_NON_LITERAL_NULL_CONVERSION = YES;
				CLANG_WARN_OBJC_IMPLICIT_RETAIN_SELF = YES;
				CLANG_WARN_OBJC_LITERAL_CONVERSION = YES;
				CLANG_WARN_OBJC_ROOT_CLASS = YES_ERROR;
				CLANG_WARN_QUOTED_INCLUDE_IN_FRAMEWORK_HEADER = YES;
				CLANG_WARN_RANGE_LOOP_ANALYSIS = YES;
				CLANG_WARN_STRICT_PROTOTYPES = YES;
				CLANG_WARN_SUSPICIOUS_MOVE = YES;
				CLANG_WARN_UNGUARDED_AVAILABILITY = YES_AGGRESSIVE;
				CLANG_WARN_UNREACHABLE_CODE = YES;
				CLANG_WARN__DUPLICATE_METHOD_MATCH = YES;
				COPY_PHASE_STRIP = NO;
				DEBUG_INFORMATION_FORMAT = "dwarf-with-dsym";
				ENABLE_NS_ASSERTIONS = NO;
				ENABLE_STRICT_OBJC_MSGSEND = YES;
				ENABLE_USER_SCRIPT_SANDBOXING = YES;
				GCC_C_LANGUAGE_STANDARD = gnu17;
				GCC_NO_COMMON_BLOCKS = YES;
				GCC_WARN_64_TO_32_BIT_CONVERSION = YES;
				GCC_WARN_ABOUT_RETURN_TYPE = YES_ERROR;
				GCC_WARN_UNDECLARED_SELECTOR = YES;
				GCC_WARN_UNINITIALIZED_AUTOS = YES_AGGRESSIVE;
				GCC_WARN_UNUSED_FUNCTION = YES;
				GCC_WARN_UNUSED_VARIABLE = YES;
				IPHONEOS_DEPLOYMENT_TARGET = 17.2;
				LOCALIZATION_PREFERS_STRING_CATALOGS = YES;
				MTL_ENABLE_DEBUG_INFO = NO;
				MTL_FAST_MATH = YES;
				SDKROOT = iphoneos;
				STRING_CATALOG_GENERATE_SYMBOLS = YES;
				SWIFT_COMPILATION_MODE = wholemodule;
				VALIDATE_PRODUCT = YES;
			};
			name = Release;
		};
		B56176972EA42F2900F46777 /* Debug */ = {
			isa = XCBuildConfiguration;
			buildSettings = {
				ASSETCATALOG_COMPILER_APPICON_NAME = AppIcon;
				ASSETCATALOG_COMPILER_GLOBAL_ACCENT_COLOR_NAME = AccentColor;
				CODE_SIGN_STYLE = Automatic;
				CURRENT_PROJECT_VERSION = 1;
				DEVELOPMENT_ASSET_PATHS = "\"CODEREDASTRA2THEMOON/Preview Content\"";
				ENABLE_PREVIEWS = YES;
				GENERATE_INFOPLIST_FILE = YES;
				INFOPLIST_KEY_UIApplicationSceneManifest_Generation = YES;
				INFOPLIST_KEY_UIApplicationSupportsIndirectInputEvents = YES;
				INFOPLIST_KEY_UILaunchScreen_Generation = YES;
				INFOPLIST_KEY_UISupportedInterfaceOrientations_iPad = "UIInterfaceOrientationPortrait UIInterfaceOrientationPortraitUpsideDown UIInterfaceOrientationLandscapeLeft UIInterfaceOrientationLandscapeRight";
				INFOPLIST_KEY_UISupportedInterfaceOrientations_iPhone = "UIInterfaceOrientationPortrait UIInterfaceOrientationLandscapeLeft UIInterfaceOrientationLandscapeRight";
				LD_RUNPATH_SEARCH_PATHS = (
					"$(inherited)",
					"@executable_path/Frameworks",
				);
				MARKETING_VERSION = 1.0;
				PRODUCT_BUNDLE_IDENTIFIER = "--7KaratLabubu.CODEREDASTRA2THEMOON";
				PRODUCT_NAME = "$(TARGET_NAME)";
				SWIFT_EMIT_LOC_STRINGS = YES;
				SWIFT_VERSION = 5.0;
				TARGETED_DEVICE_FAMILY = "1,2";
			};
			name = Debug;
		};
		B56176982EA42F2900F46777 /* Release */ = {
			isa = XCBuildConfiguration;
			buildSettings = {
				ASSETCATALOG_COMPILER_APPICON_NAME = AppIcon;
				ASSETCATALOG_COMPILER_GLOBAL_ACCENT_COLOR_NAME = AccentColor;
				CODE_SIGN_STYLE = Automatic;
				CURRENT_PROJECT_VERSION = 1;
				DEVELOPMENT_ASSET_PATHS = "\"CODEREDASTRA2THEMOON/Preview Content\"";
				ENABLE_PREVIEWS = YES;
				GENERATE_INFOPLIST_FILE = YES;
				INFOPLIST_KEY_UIApplicationSceneManifest_Generation = YES;
				INFOPLIST_KEY_UIApplicationSupportsIndirectInputEvents = YES;
				INFOPLIST_KEY_UILaunchScreen_Generation = YES;
				INFOPLIST_KEY_UISupportedInterfaceOrientations_iPad = "UIInterfaceOrientationPortrait UIInterfaceOrientationPortraitUpsideDown UIInterfaceOrientationLandscapeLeft UIInterfaceOrientationLandscapeRight";
				INFOPLIST_KEY_UISupportedInterfaceOrientations_iPhone = "UIInterfaceOrientationPortrait UIInterfaceOrientationLandscapeLeft UIInterfaceOrientationLandscapeRight";
				LD_RUNPATH_SEARCH_PATHS = (
					"$(inherited)",
					"@executable_path/Frameworks",
				);
				MARKETING_VERSION = 1.0;
				PRODUCT_BUNDLE_IDENTIFIER = "--7KaratLabubu.CODEREDASTRA2THEMOON";
				PRODUCT_NAME = "$(TARGET_NAME)";
				SWIFT_EMIT_LOC_STRINGS = YES;
				SWIFT_VERSION = 5.0;
				TARGETED_DEVICE_FAMILY = "1,2";
			};
			name = Release;
		};
		B561769A2EA42F2900F46777 /* Debug */ = {
			isa = XCBuildConfiguration;
			buildSettings = {
				BUNDLE_LOADER = "$(TEST_HOST)";
				CODE_SIGN_STYLE = Automatic;
				CURRENT_PROJECT_VERSION = 1;
				GENERATE_INFOPLIST_FILE = YES;
				IPHONEOS_DEPLOYMENT_TARGET = 17.2;
				MARKETING_VERSION = 1.0;
				PRODUCT_BUNDLE_IDENTIFIER = "--7KaratLabubu.CODEREDASTRA2THEMOONTests";
				PRODUCT_NAME = "$(TARGET_NAME)";
				SWIFT_EMIT_LOC_STRINGS = NO;
				SWIFT_VERSION = 5.0;
				TARGETED_DEVICE_FAMILY = "1,2";
				TEST_HOST = "$(BUILT_PRODUCTS_DIR)/CODEREDASTRA2THEMOON.app/$(BUNDLE_EXECUTABLE_FOLDER_PATH)/CODEREDASTRA2THEMOON";
			};
			name = Debug;
		};
		B561769B2EA42F2900F46777 /* Release */ = {
			isa = XCBuildConfiguration;
			buildSettings = {
				BUNDLE_LOADER = "$(TEST_HOST)";
				CODE_SIGN_STYLE = Automatic;
				CURRENT_PROJECT_VERSION = 1;
				GENERATE_INFOPLIST_FILE = YES;
				IPHONEOS_DEPLOYMENT_TARGET = 17.2;
				MARKETING_VERSION = 1.0;
				PRODUCT_BUNDLE_IDENTIFIER = "--7KaratLabubu.CODEREDASTRA2THEMOONTests";
				PRODUCT_NAME = "$(TARGET_NAME)";
				SWIFT_EMIT_LOC_STRINGS = NO;
				SWIFT_VERSION = 5.0;
				TARGETED_DEVICE_FAMILY = "1,2";
				TEST_HOST = "$(BUILT_PRODUCTS_DIR)/CODEREDASTRA2THEMOON.app/$(BUNDLE_EXECUTABLE_FOLDER_PATH)/CODEREDASTRA2THEMOON";
			};
			name = Release;
		};
		B561769D2EA42F2900F46777 /* Debug */ = {
			isa = XCBuildConfiguration;
			buildSettings = {
				CODE_SIGN_STYLE = Automatic;
				CURRENT_PROJECT_VERSION = 1;
				GENERATE_INFOPLIST_FILE = YES;
				MARKETING_VERSION = 1.0;
				PRODUCT_BUNDLE_IDENTIFIER = "--7KaratLabubu.CODEREDASTRA2THEMOONUITests";
				PRODUCT_NAME = "$(TARGET_NAME)";
				SWIFT_EMIT_LOC_STRINGS = NO;
				SWIFT_VERSION = 5.0;
				TARGETED_DEVICE_FAMILY = "1,2";
				TEST_TARGET_NAME = CODEREDASTRA2THEMOON;
			};
			name = Debug;
		};
		B561769E2EA42F2900F46777 /* Release */ = {
			isa = XCBuildConfiguration;
			buildSettings = {
				CODE_SIGN_STYLE = Automatic;
				CURRENT_PROJECT_VERSION = 1;
				GENERATE_INFOPLIST_FILE = YES;
				MARKETING_VERSION = 1.0;
				PRODUCT_BUNDLE_IDENTIFIER = "--7KaratLabubu.CODEREDASTRA2THEMOONUITests";
				PRODUCT_NAME = "$(TARGET_NAME)";
				SWIFT_EMIT_LOC_STRINGS = NO;
				SWIFT_VERSION = 5.0;
				TARGETED_DEVICE_FAMILY = "1,2";
				TEST_TARGET_NAME = CODEREDASTRA2THEMOON;
			};
			name = Release;
		};
/* End XCBuildConfiguration section */

/* Begin XCConfigurationList section */
		B561766D2EA42F2800F46777 /* Build configuration list for PBXProject "CODEREDASTRA2THEMOON" */ = {
			isa = XCConfigurationList;
			buildConfigurations = (
				B56176942EA42F2900F46777 /* Debug */,
				B56176952EA42F2900F46777 /* Release */,
			);
			defaultConfigurationIsVisible = 0;
			defaultConfigurationName = Release;
		};
		B56176962EA42F2900F46777 /* Build configuration list for PBXNativeTarget "CODEREDASTRA2THEMOON" */ = {
			isa = XCConfigurationList;
			buildConfigurations = (
				B56176972EA42F2900F46777 /* Debug */,
				B56176982EA42F2900F46777 /* Release */,
			);
			defaultConfigurationIsVisible = 0;
			defaultConfigurationName = Release;
		};
		B56176992EA42F2900F46777 /* Build configuration list for PBXNativeTarget "CODEREDASTRA2THEMOONTests" */ = {
			isa = XCConfigurationList;
			buildConfigurations = (
				B561769A2EA42F2900F46777 /* Debug */,
				B561769B2EA42F2900F46777 /* Release */,
			);
			defaultConfigurationIsVisible = 0;
			defaultConfigurationName = Release;
		};
		B561769C2EA42F2900F46777 /* Build configuration list for PBXNativeTarget "CODEREDASTRA2THEMOONUITests" */ = {
			isa = XCConfigurationList;
			buildConfigurations = (
				B561769D2EA42F2900F46777 /* Debug */,
				B561769E2EA42F2900F46777 /* Release */,
			);
			defaultConfigurationIsVisible = 0;
			defaultConfigurationName = Release;
		};
/* End XCConfigurationList section */
	};
	rootObject = B561766A2EA42F2800F46777 /* Project object */;
}
